
Microsoft Visual Studio Solution File, Format Version 12.00
# Visual Studio Version 17
VisualStudioVersion = 17.14.36603.0 d17.14
MinimumVisualStudioVersion = 10.0.40219.1
Project("{FAE04EC0-301F-11D3-BF4B-00C04F79EFBC}") = "SyclladbVerify", "SyclladbVerify\SyclladbVerify.csproj", "{5973B398-1011-4C5C-898E-EF10482870C1}"
EndProject
Global
	GlobalSection(SolutionConfigurationPlatforms) = preSolution
		Debug|Any CPU = Debug|Any CPU
		Release|Any CPU = Release|Any CPU
	EndGlobalSection
	GlobalSection(ProjectConfigurationPlatforms) = postSolution
		{5973B398-1011-4C5C-898E-EF10482870C1}.Debug|Any CPU.ActiveCfg = Debug|Any CPU
		{5973B398-1011-4C5C-898E-EF10482870C1}.Debug|Any CPU.Build.0 = Debug|Any CPU
		{5973B398-1011-4C5C-898E-EF10482870C1}.Release|Any CPU.ActiveCfg = Release|Any CPU
		{5973B398-1011-4C5C-898E-EF10482870C1}.Release|Any CPU.Build.0 = Release|Any CPU
	EndGlobalSection
	GlobalSection(SolutionProperties) = preSolution
		HideSolutionNode = FALSE
	EndGlobalSection
	GlobalSection(ExtensibilityGlobals) = postSolution
		SolutionGuid = {AB7F19F5-8764-482C-879D-BF9B435297C2}
	EndGlobalSection
EndGlobal
